
Microsoft Visual Studio Solution File, Format Version 10.00
# Visual Studio 2008
Project("{FAE04EC0-301F-11D3-BF4B-00C04F79EFBC}") = "CrypPluginBase", "CrypPluginBase.csproj", "{25DB2B47-A457-4EC2-960B-395CE07AE093}"
EndProject
Project("{FAE04EC0-301F-11D3-BF4B-00C04F79EFBC}") = "MD5", "..\MD5\MD5.csproj", "{1137719A-7468-4DEF-84B1-77AB82049656}"
EndProject
Project("{FAE04EC0-301F-11D3-BF4B-00C04F79EFBC}") = "SHA1", "..\SHA1\SHA1.csproj", "{D1199A65-0FA4-4BB9-9FDC-01362114A649}"
EndProject
Project("{FAE04EC0-301F-11D3-BF4B-00C04F79EFBC}") = "SHA256", "..\SHA256\SHA256.csproj", "{27AB1AD7-4A69-4B0A-938E-88AC46C0EA4F}"
EndProject
Project("{FAE04EC0-301F-11D3-BF4B-00C04F79EFBC}") = "SHA384", "..\SHA384\SHA384.csproj", "{819F2146-2596-41F0-B294-8CA84018CB16}"
EndProject
Project("{FAE04EC0-301F-11D3-BF4B-00C04F79EFBC}") = "SHA512", "..\SHA512\SHA512.csproj", "{8ECB3DF7-0D63-4984-A705-72888C264A42}"
EndProject
Project("{FAE04EC0-301F-11D3-BF4B-00C04F79EFBC}") = "RIPE160", "..\RIPE160\RIPE160.csproj", "{77EE0460-29E8-4227-A874-DECA9985BC64}"
EndProject
Project("{FAE04EC0-301F-11D3-BF4B-00C04F79EFBC}") = "DES", "..\DES\DES.csproj", "{E3D15A1E-65D0-457A-9894-7F4E36369163}"
EndProject
Global
	GlobalSection(SolutionConfigurationPlatforms) = preSolution
		Debug|Any CPU = Debug|Any CPU
		Release|Any CPU = Release|Any CPU
	EndGlobalSection
	GlobalSection(ProjectConfigurationPlatforms) = postSolution
		{25DB2B47-A457-4EC2-960B-395CE07AE093}.Debug|Any CPU.ActiveCfg = Debug|Any CPU
		{25DB2B47-A457-4EC2-960B-395CE07AE093}.Debug|Any CPU.Build.0 = Debug|Any CPU
		{25DB2B47-A457-4EC2-960B-395CE07AE093}.Release|Any CPU.ActiveCfg = Release|Any CPU
		{25DB2B47-A457-4EC2-960B-395CE07AE093}.Release|Any CPU.Build.0 = Release|Any CPU
		{1137719A-7468-4DEF-84B1-77AB82049656}.Debug|Any CPU.ActiveCfg = Debug|Any CPU
		{1137719A-7468-4DEF-84B1-77AB82049656}.Debug|Any CPU.Build.0 = Debug|Any CPU
		{1137719A-7468-4DEF-84B1-77AB82049656}.Release|Any CPU.ActiveCfg = Release|Any CPU
		{1137719A-7468-4DEF-84B1-77AB82049656}.Release|Any CPU.Build.0 = Release|Any CPU
		{D1199A65-0FA4-4BB9-9FDC-01362114A649}.Debug|Any CPU.ActiveCfg = Debug|Any CPU
		{D1199A65-0FA4-4BB9-9FDC-01362114A649}.Debug|Any CPU.Build.0 = Debug|Any CPU
		{D1199A65-0FA4-4BB9-9FDC-01362114A649}.Release|Any CPU.ActiveCfg = Release|Any CPU
		{D1199A65-0FA4-4BB9-9FDC-01362114A649}.Release|Any CPU.Build.0 = Release|Any CPU
		{27AB1AD7-4A69-4B0A-938E-88AC46C0EA4F}.Debug|Any CPU.ActiveCfg = Debug|Any CPU
		{27AB1AD7-4A69-4B0A-938E-88AC46C0EA4F}.Debug|Any CPU.Build.0 = Debug|Any CPU
		{27AB1AD7-4A69-4B0A-938E-88AC46C0EA4F}.Release|Any CPU.ActiveCfg = Release|Any CPU
		{27AB1AD7-4A69-4B0A-938E-88AC46C0EA4F}.Release|Any CPU.Build.0 = Release|Any CPU
		{819F2146-2596-41F0-B294-8CA84018CB16}.Debug|Any CPU.ActiveCfg = Debug|Any CPU
		{819F2146-2596-41F0-B294-8CA84018CB16}.Debug|Any CPU.Build.0 = Debug|Any CPU
		{819F2146-2596-41F0-B294-8CA84018CB16}.Release|Any CPU.ActiveCfg = Release|Any CPU
		{819F2146-2596-41F0-B294-8CA84018CB16}.Release|Any CPU.Build.0 = Release|Any CPU
		{8ECB3DF7-0D63-4984-A705-72888C264A42}.Debug|Any CPU.ActiveCfg = Debug|Any CPU
		{8ECB3DF7-0D63-4984-A705-72888C264A42}.Debug|Any CPU.Build.0 = Debug|Any CPU
		{8ECB3DF7-0D63-4984-A705-72888C264A42}.Release|Any CPU.ActiveCfg = Release|Any CPU
		{8ECB3DF7-0D63-4984-A705-72888C264A42}.Release|Any CPU.Build.0 = Release|Any CPU
		{77EE0460-29E8-4227-A874-DECA9985BC64}.Debug|Any CPU.ActiveCfg = Debug|Any CPU
		{77EE0460-29E8-4227-A874-DECA9985BC64}.Debug|Any CPU.Build.0 = Debug|Any CPU
		{77EE0460-29E8-4227-A874-DECA9985BC64}.Release|Any CPU.ActiveCfg = Release|Any CPU
		{77EE0460-29E8-4227-A874-DECA9985BC64}.Release|Any CPU.Build.0 = Release|Any CPU
		{E3D15A1E-65D0-457A-9894-7F4E36369163}.Debug|Any CPU.ActiveCfg = Debug|Any CPU
		{E3D15A1E-65D0-457A-9894-7F4E36369163}.Debug|Any CPU.Build.0 = Debug|Any CPU
		{E3D15A1E-65D0-457A-9894-7F4E36369163}.Release|Any CPU.ActiveCfg = Release|Any CPU
		{E3D15A1E-65D0-457A-9894-7F4E36369163}.Release|Any CPU.Build.0 = Release|Any CPU
	EndGlobalSection
	GlobalSection(SolutionProperties) = preSolution
		HideSolutionNode = FALSE
	EndGlobalSection
EndGlobal
