
Microsoft Visual Studio Solution File, Format Version 10.00
# Visual Studio 2008
Project("{FAE04EC0-301F-11D3-BF4B-00C04F79EFBC}") = "CrypPluginBase", "CrypPluginBase.csproj", "{25DB2B47-A457-4EC2-960B-395CE07AE093}"
EndProject
Project("{FAE04EC0-301F-11D3-BF4B-00C04F79EFBC}") = "MD5", "..\MD5\MD5.csproj", "{1137719A-7468-4DEF-84B1-77AB82049656}"
EndProject
Project("{FAE04EC0-301F-11D3-BF4B-00C04F79EFBC}") = "SHA1", "..\SHA1\SHA1.csproj", "{D1199A65-0FA4-4BB9-9FDC-01362114A649}"
EndProject
Project("{FAE04EC0-301F-11D3-BF4B-00C04F79EFBC}") = "SHA256", "..\SHA256\SHA256.csproj", "{27AB1AD7-4A69-4B0A-938E-88AC46C0EA4F}"
EndProject
Project("{FAE04EC0-301F-11D3-BF4B-00C04F79EFBC}") = "SHA384", "..\SHA384\SHA384.csproj", "{819F2146-2596-41F0-B294-8CA84018CB16}"
EndProject
Project("{FAE04EC0-301F-11D3-BF4B-00C04F79EFBC}") = "SHA512", "..\SHA512\SHA512.csproj", "{8ECB3DF7-0D63-4984-A705-72888C264A42}"
EndProject
Project("{FAE04EC0-301F-11D3-BF4B-00C04F79EFBC}") = "RIPE160", "..\RIPE160\RIPE160.csproj", "{77EE0460-29E8-4227-A874-DECA9985BC64}"
EndProject
Project("{FAE04EC0-301F-11D3-BF4B-00C04F79EFBC}") = "DES", "..\DES\DES.csproj", "{E3D15A1E-65D0-457A-9894-7F4E36369163}"
EndProject
Project("{FAE04EC0-301F-11D3-BF4B-00C04F79EFBC}") = "Rijndael", "..\Rijndael\Rijndael.csproj", "{AB854622-4E7D-488D-A071-2E81D45F1DAD}"
EndProject
Project("{FAE04EC0-301F-11D3-BF4B-00C04F79EFBC}") = "TripleDES", "..\TripleDES\TripleDES.csproj", "{DCAD5E2F-BA8C-430A-9651-995E97FE460D}"
EndProject
Project("{FAE04EC0-301F-11D3-BF4B-00C04F79EFBC}") = "RC2", "..\RC2\RC2.csproj", "{A2A7E7E6-05E6-46AD-B8AE-862D9DA78A1E}"
EndProject
Project("{FAE04EC0-301F-11D3-BF4B-00C04F79EFBC}") = "AES", "..\AES\AES.csproj", "{2A81A3B2-ABC0-4850-9C89-3830AD07FD6B}"
EndProject
Project("{FAE04EC0-301F-11D3-BF4B-00C04F79EFBC}") = "RSA", "..\RSA\RSA.csproj", "{3B8E9238-C7DB-4450-A254-3E4DC3964B1A}"
EndProject
Project("{FAE04EC0-301F-11D3-BF4B-00C04F79EFBC}") = "Caesar", "..\Caesar\Caesar.csproj", "{AFBEAA94-3998-4C4A-805F-670ECF12029E}"
EndProject
Project("{FAE04EC0-301F-11D3-BF4B-00C04F79EFBC}") = "Vigenere", "..\Vigenere\Vigenere.csproj", "{6F44863A-B9EE-4371-90BD-7FDF849DD2C4}"
EndProject
Project("{FAE04EC0-301F-11D3-BF4B-00C04F79EFBC}") = "XOR", "..\XOR\XOR.csproj", "{2BBA5775-A0F2-4846-BC88-46BE3B0F38B1}"
EndProject
Project("{FAE04EC0-301F-11D3-BF4B-00C04F79EFBC}") = "Substitution", "..\Substitution\Substitution.csproj", "{C2DE271E-BAC1-48A8-9D06-432F4978DC94}"
EndProject
Project("{FAE04EC0-301F-11D3-BF4B-00C04F79EFBC}") = "ADFGVX", "..\ADFGVX\ADFGVX.csproj", "{9B9CD0E9-D048-45FD-BF0F-7C5A8E714AA2}"
EndProject
Project("{FAE04EC0-301F-11D3-BF4B-00C04F79EFBC}") = "Playfair", "..\Playfair\Playfair.csproj", "{5DA3E5DB-62B9-4621-AA69-56512BDECE7B}"
EndProject
Project("{FAE04EC0-301F-11D3-BF4B-00C04F79EFBC}") = "Transposition", "..\Transposition\Transposition.csproj", "{009278A9-D530-491C-AC99-3A5AFF3BD8C8}"
EndProject
Project("{FAE04EC0-301F-11D3-BF4B-00C04F79EFBC}") = "Vernam", "..\Vernam\Vernam.csproj", "{EEEC04B8-BDD4-4F56-8B7B-4753BB270D11}"
EndProject
Project("{FAE04EC0-301F-11D3-BF4B-00C04F79EFBC}") = "Hill", "..\Hill\Hill.csproj", "{3226509F-31EB-4718-8093-15A0530E97DF}"
EndProject
Global
	GlobalSection(SolutionConfigurationPlatforms) = preSolution
		Debug|Any CPU = Debug|Any CPU
		Release|Any CPU = Release|Any CPU
	EndGlobalSection
	GlobalSection(ProjectConfigurationPlatforms) = postSolution
		{25DB2B47-A457-4EC2-960B-395CE07AE093}.Debug|Any CPU.ActiveCfg = Debug|Any CPU
		{25DB2B47-A457-4EC2-960B-395CE07AE093}.Debug|Any CPU.Build.0 = Debug|Any CPU
		{25DB2B47-A457-4EC2-960B-395CE07AE093}.Release|Any CPU.ActiveCfg = Release|Any CPU
		{25DB2B47-A457-4EC2-960B-395CE07AE093}.Release|Any CPU.Build.0 = Release|Any CPU
		{1137719A-7468-4DEF-84B1-77AB82049656}.Debug|Any CPU.ActiveCfg = Debug|Any CPU
		{1137719A-7468-4DEF-84B1-77AB82049656}.Debug|Any CPU.Build.0 = Debug|Any CPU
		{1137719A-7468-4DEF-84B1-77AB82049656}.Release|Any CPU.ActiveCfg = Release|Any CPU
		{1137719A-7468-4DEF-84B1-77AB82049656}.Release|Any CPU.Build.0 = Release|Any CPU
		{D1199A65-0FA4-4BB9-9FDC-01362114A649}.Debug|Any CPU.ActiveCfg = Debug|Any CPU
		{D1199A65-0FA4-4BB9-9FDC-01362114A649}.Debug|Any CPU.Build.0 = Debug|Any CPU
		{D1199A65-0FA4-4BB9-9FDC-01362114A649}.Release|Any CPU.ActiveCfg = Release|Any CPU
		{D1199A65-0FA4-4BB9-9FDC-01362114A649}.Release|Any CPU.Build.0 = Release|Any CPU
		{27AB1AD7-4A69-4B0A-938E-88AC46C0EA4F}.Debug|Any CPU.ActiveCfg = Debug|Any CPU
		{27AB1AD7-4A69-4B0A-938E-88AC46C0EA4F}.Debug|Any CPU.Build.0 = Debug|Any CPU
		{27AB1AD7-4A69-4B0A-938E-88AC46C0EA4F}.Release|Any CPU.ActiveCfg = Release|Any CPU
		{27AB1AD7-4A69-4B0A-938E-88AC46C0EA4F}.Release|Any CPU.Build.0 = Release|Any CPU
		{819F2146-2596-41F0-B294-8CA84018CB16}.Debug|Any CPU.ActiveCfg = Debug|Any CPU
		{819F2146-2596-41F0-B294-8CA84018CB16}.Debug|Any CPU.Build.0 = Debug|Any CPU
		{819F2146-2596-41F0-B294-8CA84018CB16}.Release|Any CPU.ActiveCfg = Release|Any CPU
		{819F2146-2596-41F0-B294-8CA84018CB16}.Release|Any CPU.Build.0 = Release|Any CPU
		{8ECB3DF7-0D63-4984-A705-72888C264A42}.Debug|Any CPU.ActiveCfg = Debug|Any CPU
		{8ECB3DF7-0D63-4984-A705-72888C264A42}.Debug|Any CPU.Build.0 = Debug|Any CPU
		{8ECB3DF7-0D63-4984-A705-72888C264A42}.Release|Any CPU.ActiveCfg = Release|Any CPU
		{8ECB3DF7-0D63-4984-A705-72888C264A42}.Release|Any CPU.Build.0 = Release|Any CPU
		{77EE0460-29E8-4227-A874-DECA9985BC64}.Debug|Any CPU.ActiveCfg = Debug|Any CPU
		{77EE0460-29E8-4227-A874-DECA9985BC64}.Debug|Any CPU.Build.0 = Debug|Any CPU
		{77EE0460-29E8-4227-A874-DECA9985BC64}.Release|Any CPU.ActiveCfg = Release|Any CPU
		{77EE0460-29E8-4227-A874-DECA9985BC64}.Release|Any CPU.Build.0 = Release|Any CPU
		{E3D15A1E-65D0-457A-9894-7F4E36369163}.Debug|Any CPU.ActiveCfg = Debug|Any CPU
		{E3D15A1E-65D0-457A-9894-7F4E36369163}.Debug|Any CPU.Build.0 = Debug|Any CPU
		{E3D15A1E-65D0-457A-9894-7F4E36369163}.Release|Any CPU.ActiveCfg = Release|Any CPU
		{E3D15A1E-65D0-457A-9894-7F4E36369163}.Release|Any CPU.Build.0 = Release|Any CPU
		{AB854622-4E7D-488D-A071-2E81D45F1DAD}.Debug|Any CPU.ActiveCfg = Debug|Any CPU
		{AB854622-4E7D-488D-A071-2E81D45F1DAD}.Debug|Any CPU.Build.0 = Debug|Any CPU
		{AB854622-4E7D-488D-A071-2E81D45F1DAD}.Release|Any CPU.ActiveCfg = Release|Any CPU
		{AB854622-4E7D-488D-A071-2E81D45F1DAD}.Release|Any CPU.Build.0 = Release|Any CPU
		{DCAD5E2F-BA8C-430A-9651-995E97FE460D}.Debug|Any CPU.ActiveCfg = Debug|Any CPU
		{DCAD5E2F-BA8C-430A-9651-995E97FE460D}.Debug|Any CPU.Build.0 = Debug|Any CPU
		{DCAD5E2F-BA8C-430A-9651-995E97FE460D}.Release|Any CPU.ActiveCfg = Release|Any CPU
		{DCAD5E2F-BA8C-430A-9651-995E97FE460D}.Release|Any CPU.Build.0 = Release|Any CPU
		{A2A7E7E6-05E6-46AD-B8AE-862D9DA78A1E}.Debug|Any CPU.ActiveCfg = Debug|Any CPU
		{A2A7E7E6-05E6-46AD-B8AE-862D9DA78A1E}.Debug|Any CPU.Build.0 = Debug|Any CPU
		{A2A7E7E6-05E6-46AD-B8AE-862D9DA78A1E}.Release|Any CPU.ActiveCfg = Release|Any CPU
		{A2A7E7E6-05E6-46AD-B8AE-862D9DA78A1E}.Release|Any CPU.Build.0 = Release|Any CPU
		{2A81A3B2-ABC0-4850-9C89-3830AD07FD6B}.Debug|Any CPU.ActiveCfg = Debug|Any CPU
		{2A81A3B2-ABC0-4850-9C89-3830AD07FD6B}.Debug|Any CPU.Build.0 = Debug|Any CPU
		{2A81A3B2-ABC0-4850-9C89-3830AD07FD6B}.Release|Any CPU.ActiveCfg = Release|Any CPU
		{2A81A3B2-ABC0-4850-9C89-3830AD07FD6B}.Release|Any CPU.Build.0 = Release|Any CPU
		{3B8E9238-C7DB-4450-A254-3E4DC3964B1A}.Debug|Any CPU.ActiveCfg = Debug|Any CPU
		{3B8E9238-C7DB-4450-A254-3E4DC3964B1A}.Debug|Any CPU.Build.0 = Debug|Any CPU
		{3B8E9238-C7DB-4450-A254-3E4DC3964B1A}.Release|Any CPU.ActiveCfg = Release|Any CPU
		{3B8E9238-C7DB-4450-A254-3E4DC3964B1A}.Release|Any CPU.Build.0 = Release|Any CPU
		{AFBEAA94-3998-4C4A-805F-670ECF12029E}.Debug|Any CPU.ActiveCfg = Debug|Any CPU
		{AFBEAA94-3998-4C4A-805F-670ECF12029E}.Debug|Any CPU.Build.0 = Debug|Any CPU
		{AFBEAA94-3998-4C4A-805F-670ECF12029E}.Release|Any CPU.ActiveCfg = Release|Any CPU
		{AFBEAA94-3998-4C4A-805F-670ECF12029E}.Release|Any CPU.Build.0 = Release|Any CPU
		{6F44863A-B9EE-4371-90BD-7FDF849DD2C4}.Debug|Any CPU.ActiveCfg = Debug|Any CPU
		{6F44863A-B9EE-4371-90BD-7FDF849DD2C4}.Debug|Any CPU.Build.0 = Debug|Any CPU
		{6F44863A-B9EE-4371-90BD-7FDF849DD2C4}.Release|Any CPU.ActiveCfg = Release|Any CPU
		{6F44863A-B9EE-4371-90BD-7FDF849DD2C4}.Release|Any CPU.Build.0 = Release|Any CPU
		{2BBA5775-A0F2-4846-BC88-46BE3B0F38B1}.Debug|Any CPU.ActiveCfg = Debug|Any CPU
		{2BBA5775-A0F2-4846-BC88-46BE3B0F38B1}.Debug|Any CPU.Build.0 = Debug|Any CPU
		{2BBA5775-A0F2-4846-BC88-46BE3B0F38B1}.Release|Any CPU.ActiveCfg = Release|Any CPU
		{2BBA5775-A0F2-4846-BC88-46BE3B0F38B1}.Release|Any CPU.Build.0 = Release|Any CPU
		{C2DE271E-BAC1-48A8-9D06-432F4978DC94}.Debug|Any CPU.ActiveCfg = Debug|Any CPU
		{C2DE271E-BAC1-48A8-9D06-432F4978DC94}.Debug|Any CPU.Build.0 = Debug|Any CPU
		{C2DE271E-BAC1-48A8-9D06-432F4978DC94}.Release|Any CPU.ActiveCfg = Release|Any CPU
		{C2DE271E-BAC1-48A8-9D06-432F4978DC94}.Release|Any CPU.Build.0 = Release|Any CPU
		{9B9CD0E9-D048-45FD-BF0F-7C5A8E714AA2}.Debug|Any CPU.ActiveCfg = Debug|Any CPU
		{9B9CD0E9-D048-45FD-BF0F-7C5A8E714AA2}.Debug|Any CPU.Build.0 = Debug|Any CPU
		{9B9CD0E9-D048-45FD-BF0F-7C5A8E714AA2}.Release|Any CPU.ActiveCfg = Release|Any CPU
		{9B9CD0E9-D048-45FD-BF0F-7C5A8E714AA2}.Release|Any CPU.Build.0 = Release|Any CPU
		{5DA3E5DB-62B9-4621-AA69-56512BDECE7B}.Debug|Any CPU.ActiveCfg = Debug|Any CPU
		{5DA3E5DB-62B9-4621-AA69-56512BDECE7B}.Debug|Any CPU.Build.0 = Debug|Any CPU
		{5DA3E5DB-62B9-4621-AA69-56512BDECE7B}.Release|Any CPU.ActiveCfg = Release|Any CPU
		{5DA3E5DB-62B9-4621-AA69-56512BDECE7B}.Release|Any CPU.Build.0 = Release|Any CPU
		{009278A9-D530-491C-AC99-3A5AFF3BD8C8}.Debug|Any CPU.ActiveCfg = Debug|Any CPU
		{009278A9-D530-491C-AC99-3A5AFF3BD8C8}.Debug|Any CPU.Build.0 = Debug|Any CPU
		{009278A9-D530-491C-AC99-3A5AFF3BD8C8}.Release|Any CPU.ActiveCfg = Release|Any CPU
		{009278A9-D530-491C-AC99-3A5AFF3BD8C8}.Release|Any CPU.Build.0 = Release|Any CPU
		{EEEC04B8-BDD4-4F56-8B7B-4753BB270D11}.Debug|Any CPU.ActiveCfg = Debug|Any CPU
		{EEEC04B8-BDD4-4F56-8B7B-4753BB270D11}.Debug|Any CPU.Build.0 = Debug|Any CPU
		{EEEC04B8-BDD4-4F56-8B7B-4753BB270D11}.Release|Any CPU.ActiveCfg = Release|Any CPU
		{EEEC04B8-BDD4-4F56-8B7B-4753BB270D11}.Release|Any CPU.Build.0 = Release|Any CPU
		{3226509F-31EB-4718-8093-15A0530E97DF}.Debug|Any CPU.ActiveCfg = Debug|Any CPU
		{3226509F-31EB-4718-8093-15A0530E97DF}.Debug|Any CPU.Build.0 = Debug|Any CPU
		{3226509F-31EB-4718-8093-15A0530E97DF}.Release|Any CPU.ActiveCfg = Release|Any CPU
		{3226509F-31EB-4718-8093-15A0530E97DF}.Release|Any CPU.Build.0 = Release|Any CPU
	EndGlobalSection
	GlobalSection(SolutionProperties) = preSolution
		HideSolutionNode = FALSE
	EndGlobalSection
EndGlobal
